
Microsoft Visual Studio Solution File, Format Version 12.00
# Visual Studio Version 16
VisualStudioVersion = 16.0.31829.152
MinimumVisualStudioVersion = 10.0.40219.1
Project("{FAE04EC0-301F-11D3-BF4B-00C04F79EFBC}") = "Ejercicio513", "Ejercicio513.csproj", "{03D7877D-F922-4041-B8DA-3D89D6CFF337}"
EndProject
Global
	GlobalSection(SolutionConfigurationPlatforms) = preSolution
		Debug|Any CPU = Debug|Any CPU
		Release|Any CPU = Release|Any CPU
	EndGlobalSection
	GlobalSection(ProjectConfigurationPlatforms) = postSolution
		{03D7877D-F922-4041-B8DA-3D89D6CFF337}.Debug|Any CPU.ActiveCfg = Debug|Any CPU
		{03D7877D-F922-4041-B8DA-3D89D6CFF337}.Debug|Any CPU.Build.0 = Debug|Any CPU
		{03D7877D-F922-4041-B8DA-3D89D6CFF337}.Release|Any CPU.ActiveCfg = Release|Any CPU
		{03D7877D-F922-4041-B8DA-3D89D6CFF337}.Release|Any CPU.Build.0 = Release|Any CPU
	EndGlobalSection
	GlobalSection(SolutionProperties) = preSolution
		HideSolutionNode = FALSE
	EndGlobalSection
	GlobalSection(ExtensibilityGlobals) = postSolution
		SolutionGuid = {F3D6B7D9-5523-4733-B3E5-EF3820A7E9AE}
	EndGlobalSection
EndGlobal
