
Microsoft Visual Studio Solution File, Format Version 12.00
# Visual Studio Version 16
VisualStudioVersion = 16.0.31829.152
MinimumVisualStudioVersion = 10.0.40219.1
Project("{FAE04EC0-301F-11D3-BF4B-00C04F79EFBC}") = "Ejercicio515", "Ejercicio515.csproj", "{4BAF605E-EACD-4A64-8FC5-8F42DDED438F}"
EndProject
Global
	GlobalSection(SolutionConfigurationPlatforms) = preSolution
		Debug|Any CPU = Debug|Any CPU
		Release|Any CPU = Release|Any CPU
	EndGlobalSection
	GlobalSection(ProjectConfigurationPlatforms) = postSolution
		{4BAF605E-EACD-4A64-8FC5-8F42DDED438F}.Debug|Any CPU.ActiveCfg = Debug|Any CPU
		{4BAF605E-EACD-4A64-8FC5-8F42DDED438F}.Debug|Any CPU.Build.0 = Debug|Any CPU
		{4BAF605E-EACD-4A64-8FC5-8F42DDED438F}.Release|Any CPU.ActiveCfg = Release|Any CPU
		{4BAF605E-EACD-4A64-8FC5-8F42DDED438F}.Release|Any CPU.Build.0 = Release|Any CPU
	EndGlobalSection
	GlobalSection(SolutionProperties) = preSolution
		HideSolutionNode = FALSE
	EndGlobalSection
	GlobalSection(ExtensibilityGlobals) = postSolution
		SolutionGuid = {806EB815-A60D-4F89-892E-0EADD6A4308F}
	EndGlobalSection
EndGlobal
