
Microsoft Visual Studio Solution File, Format Version 12.00
# Visual Studio Version 16
VisualStudioVersion = 16.0.31829.152
MinimumVisualStudioVersion = 10.0.40219.1
Project("{FAE04EC0-301F-11D3-BF4B-00C04F79EFBC}") = "Ejercicio511", "Ejercicio511\Ejercicio511.csproj", "{C73B7403-5196-407D-8D4D-C36B6F1D4517}"
EndProject
Global
	GlobalSection(SolutionConfigurationPlatforms) = preSolution
		Debug|Any CPU = Debug|Any CPU
		Release|Any CPU = Release|Any CPU
	EndGlobalSection
	GlobalSection(ProjectConfigurationPlatforms) = postSolution
		{C73B7403-5196-407D-8D4D-C36B6F1D4517}.Debug|Any CPU.ActiveCfg = Debug|Any CPU
		{C73B7403-5196-407D-8D4D-C36B6F1D4517}.Debug|Any CPU.Build.0 = Debug|Any CPU
		{C73B7403-5196-407D-8D4D-C36B6F1D4517}.Release|Any CPU.ActiveCfg = Release|Any CPU
		{C73B7403-5196-407D-8D4D-C36B6F1D4517}.Release|Any CPU.Build.0 = Release|Any CPU
	EndGlobalSection
	GlobalSection(SolutionProperties) = preSolution
		HideSolutionNode = FALSE
	EndGlobalSection
	GlobalSection(ExtensibilityGlobals) = postSolution
		SolutionGuid = {C5E5ED48-C22C-4E82-83AB-F79C3BADE7AA}
	EndGlobalSection
EndGlobal
