
Microsoft Visual Studio Solution File, Format Version 12.00
# Visual Studio Version 16
VisualStudioVersion = 16.0.30503.244
MinimumVisualStudioVersion = 10.0.40219.1
Project("{FAE04EC0-301F-11D3-BF4B-00C04F79EFBC}") = "Ejercicio314", "Ejercicio314.csproj", "{2891D11A-3E04-444F-A64F-76691E65E503}"
EndProject
Global
	GlobalSection(SolutionConfigurationPlatforms) = preSolution
		Debug|Any CPU = Debug|Any CPU
		Release|Any CPU = Release|Any CPU
	EndGlobalSection
	GlobalSection(ProjectConfigurationPlatforms) = postSolution
		{2891D11A-3E04-444F-A64F-76691E65E503}.Debug|Any CPU.ActiveCfg = Debug|Any CPU
		{2891D11A-3E04-444F-A64F-76691E65E503}.Debug|Any CPU.Build.0 = Debug|Any CPU
		{2891D11A-3E04-444F-A64F-76691E65E503}.Release|Any CPU.ActiveCfg = Release|Any CPU
		{2891D11A-3E04-444F-A64F-76691E65E503}.Release|Any CPU.Build.0 = Release|Any CPU
	EndGlobalSection
	GlobalSection(SolutionProperties) = preSolution
		HideSolutionNode = FALSE
	EndGlobalSection
	GlobalSection(ExtensibilityGlobals) = postSolution
		SolutionGuid = {5FF46937-EE39-4B4B-B691-FCD6EC121A9B}
	EndGlobalSection
EndGlobal
