
Microsoft Visual Studio Solution File, Format Version 12.00
# Visual Studio Version 16
VisualStudioVersion = 16.0.30503.244
MinimumVisualStudioVersion = 10.0.40219.1
Project("{FAE04EC0-301F-11D3-BF4B-00C04F79EFBC}") = "Ejercicio318", "Ejercicio318.csproj", "{D3325DA5-F27B-4346-8BBC-8D9A0816D43B}"
EndProject
Global
	GlobalSection(SolutionConfigurationPlatforms) = preSolution
		Debug|Any CPU = Debug|Any CPU
		Release|Any CPU = Release|Any CPU
	EndGlobalSection
	GlobalSection(ProjectConfigurationPlatforms) = postSolution
		{D3325DA5-F27B-4346-8BBC-8D9A0816D43B}.Debug|Any CPU.ActiveCfg = Debug|Any CPU
		{D3325DA5-F27B-4346-8BBC-8D9A0816D43B}.Debug|Any CPU.Build.0 = Debug|Any CPU
		{D3325DA5-F27B-4346-8BBC-8D9A0816D43B}.Release|Any CPU.ActiveCfg = Release|Any CPU
		{D3325DA5-F27B-4346-8BBC-8D9A0816D43B}.Release|Any CPU.Build.0 = Release|Any CPU
	EndGlobalSection
	GlobalSection(SolutionProperties) = preSolution
		HideSolutionNode = FALSE
	EndGlobalSection
	GlobalSection(ExtensibilityGlobals) = postSolution
		SolutionGuid = {0D9B958A-C411-468D-844D-6C196C6124A5}
	EndGlobalSection
EndGlobal
