
Microsoft Visual Studio Solution File, Format Version 12.00
# Visual Studio Version 16
VisualStudioVersion = 16.0.30503.244
MinimumVisualStudioVersion = 10.0.40219.1
Project("{FAE04EC0-301F-11D3-BF4B-00C04F79EFBC}") = "Ejercicio319", "Ejercicio319.csproj", "{35F5C9C3-DABC-49FD-81F5-F758034751AA}"
EndProject
Global
	GlobalSection(SolutionConfigurationPlatforms) = preSolution
		Debug|Any CPU = Debug|Any CPU
		Release|Any CPU = Release|Any CPU
	EndGlobalSection
	GlobalSection(ProjectConfigurationPlatforms) = postSolution
		{35F5C9C3-DABC-49FD-81F5-F758034751AA}.Debug|Any CPU.ActiveCfg = Debug|Any CPU
		{35F5C9C3-DABC-49FD-81F5-F758034751AA}.Debug|Any CPU.Build.0 = Debug|Any CPU
		{35F5C9C3-DABC-49FD-81F5-F758034751AA}.Release|Any CPU.ActiveCfg = Release|Any CPU
		{35F5C9C3-DABC-49FD-81F5-F758034751AA}.Release|Any CPU.Build.0 = Release|Any CPU
	EndGlobalSection
	GlobalSection(SolutionProperties) = preSolution
		HideSolutionNode = FALSE
	EndGlobalSection
	GlobalSection(ExtensibilityGlobals) = postSolution
		SolutionGuid = {6DE38243-2E7E-4332-8943-DA7537071D18}
	EndGlobalSection
EndGlobal
