
Microsoft Visual Studio Solution File, Format Version 12.00
# Visual Studio Version 16
VisualStudioVersion = 16.0.31829.152
MinimumVisualStudioVersion = 10.0.40219.1
Project("{FAE04EC0-301F-11D3-BF4B-00C04F79EFBC}") = "Ejercicio801", "Ejercicio801\Ejercicio801.csproj", "{25AC8231-052D-494A-B435-AAFB1C62BD8A}"
EndProject
Global
	GlobalSection(SolutionConfigurationPlatforms) = preSolution
		Debug|Any CPU = Debug|Any CPU
		Release|Any CPU = Release|Any CPU
	EndGlobalSection
	GlobalSection(ProjectConfigurationPlatforms) = postSolution
		{25AC8231-052D-494A-B435-AAFB1C62BD8A}.Debug|Any CPU.ActiveCfg = Debug|Any CPU
		{25AC8231-052D-494A-B435-AAFB1C62BD8A}.Debug|Any CPU.Build.0 = Debug|Any CPU
		{25AC8231-052D-494A-B435-AAFB1C62BD8A}.Release|Any CPU.ActiveCfg = Release|Any CPU
		{25AC8231-052D-494A-B435-AAFB1C62BD8A}.Release|Any CPU.Build.0 = Release|Any CPU
	EndGlobalSection
	GlobalSection(SolutionProperties) = preSolution
		HideSolutionNode = FALSE
	EndGlobalSection
	GlobalSection(ExtensibilityGlobals) = postSolution
		SolutionGuid = {C56E4E5E-8DD9-4D54-A95E-5ECC8F3866DF}
	EndGlobalSection
EndGlobal
