
Microsoft Visual Studio Solution File, Format Version 12.00
# Visual Studio Version 16
VisualStudioVersion = 16.0.31829.152
MinimumVisualStudioVersion = 10.0.40219.1
Project("{FAE04EC0-301F-11D3-BF4B-00C04F79EFBC}") = "Ejercicio506", "Ejercicio506\Ejercicio506.csproj", "{A613529B-952E-4254-8929-F5F2F04917B5}"
EndProject
Global
	GlobalSection(SolutionConfigurationPlatforms) = preSolution
		Debug|Any CPU = Debug|Any CPU
		Release|Any CPU = Release|Any CPU
	EndGlobalSection
	GlobalSection(ProjectConfigurationPlatforms) = postSolution
		{A613529B-952E-4254-8929-F5F2F04917B5}.Debug|Any CPU.ActiveCfg = Debug|Any CPU
		{A613529B-952E-4254-8929-F5F2F04917B5}.Debug|Any CPU.Build.0 = Debug|Any CPU
		{A613529B-952E-4254-8929-F5F2F04917B5}.Release|Any CPU.ActiveCfg = Release|Any CPU
		{A613529B-952E-4254-8929-F5F2F04917B5}.Release|Any CPU.Build.0 = Release|Any CPU
	EndGlobalSection
	GlobalSection(SolutionProperties) = preSolution
		HideSolutionNode = FALSE
	EndGlobalSection
	GlobalSection(ExtensibilityGlobals) = postSolution
		SolutionGuid = {2F7506BB-A2C6-482C-9AF2-4A66A7B165BD}
	EndGlobalSection
EndGlobal
