
Microsoft Visual Studio Solution File, Format Version 12.00
# Visual Studio Version 16
VisualStudioVersion = 16.0.31829.152
MinimumVisualStudioVersion = 10.0.40219.1
Project("{FAE04EC0-301F-11D3-BF4B-00C04F79EFBC}") = "Exercice603", "Exercice603.csproj", "{29FAE046-02CB-4C79-BDDB-1AF12282425D}"
EndProject
Global
	GlobalSection(SolutionConfigurationPlatforms) = preSolution
		Debug|Any CPU = Debug|Any CPU
		Release|Any CPU = Release|Any CPU
	EndGlobalSection
	GlobalSection(ProjectConfigurationPlatforms) = postSolution
		{29FAE046-02CB-4C79-BDDB-1AF12282425D}.Debug|Any CPU.ActiveCfg = Debug|Any CPU
		{29FAE046-02CB-4C79-BDDB-1AF12282425D}.Debug|Any CPU.Build.0 = Debug|Any CPU
		{29FAE046-02CB-4C79-BDDB-1AF12282425D}.Release|Any CPU.ActiveCfg = Release|Any CPU
		{29FAE046-02CB-4C79-BDDB-1AF12282425D}.Release|Any CPU.Build.0 = Release|Any CPU
	EndGlobalSection
	GlobalSection(SolutionProperties) = preSolution
		HideSolutionNode = FALSE
	EndGlobalSection
	GlobalSection(ExtensibilityGlobals) = postSolution
		SolutionGuid = {8FA29B27-57DD-4C85-9554-BBC8677A2274}
	EndGlobalSection
EndGlobal
