
Microsoft Visual Studio Solution File, Format Version 12.00
# Visual Studio Version 16
VisualStudioVersion = 16.0.31829.152
MinimumVisualStudioVersion = 10.0.40219.1
Project("{FAE04EC0-301F-11D3-BF4B-00C04F79EFBC}") = "Ejercicio4Amp02", "Ejercicio4Amp02.csproj", "{78DCCD6E-31B7-4AB2-9928-3CE496E3B7F6}"
EndProject
Global
	GlobalSection(SolutionConfigurationPlatforms) = preSolution
		Debug|Any CPU = Debug|Any CPU
		Release|Any CPU = Release|Any CPU
	EndGlobalSection
	GlobalSection(ProjectConfigurationPlatforms) = postSolution
		{78DCCD6E-31B7-4AB2-9928-3CE496E3B7F6}.Debug|Any CPU.ActiveCfg = Debug|Any CPU
		{78DCCD6E-31B7-4AB2-9928-3CE496E3B7F6}.Debug|Any CPU.Build.0 = Debug|Any CPU
		{78DCCD6E-31B7-4AB2-9928-3CE496E3B7F6}.Release|Any CPU.ActiveCfg = Release|Any CPU
		{78DCCD6E-31B7-4AB2-9928-3CE496E3B7F6}.Release|Any CPU.Build.0 = Release|Any CPU
	EndGlobalSection
	GlobalSection(SolutionProperties) = preSolution
		HideSolutionNode = FALSE
	EndGlobalSection
	GlobalSection(ExtensibilityGlobals) = postSolution
		SolutionGuid = {9B96A399-EEBB-457F-826D-CB49050F11AA}
	EndGlobalSection
EndGlobal
