
Microsoft Visual Studio Solution File, Format Version 12.00
# Visual Studio Version 16
VisualStudioVersion = 16.0.30503.244
MinimumVisualStudioVersion = 10.0.40219.1
Project("{FAE04EC0-301F-11D3-BF4B-00C04F79EFBC}") = "Ejercicio320", "Ejercicio320.csproj", "{A2DCD4D3-ED25-4EBC-ADF8-85E1123FE0F9}"
EndProject
Global
	GlobalSection(SolutionConfigurationPlatforms) = preSolution
		Debug|Any CPU = Debug|Any CPU
		Release|Any CPU = Release|Any CPU
	EndGlobalSection
	GlobalSection(ProjectConfigurationPlatforms) = postSolution
		{A2DCD4D3-ED25-4EBC-ADF8-85E1123FE0F9}.Debug|Any CPU.ActiveCfg = Debug|Any CPU
		{A2DCD4D3-ED25-4EBC-ADF8-85E1123FE0F9}.Debug|Any CPU.Build.0 = Debug|Any CPU
		{A2DCD4D3-ED25-4EBC-ADF8-85E1123FE0F9}.Release|Any CPU.ActiveCfg = Release|Any CPU
		{A2DCD4D3-ED25-4EBC-ADF8-85E1123FE0F9}.Release|Any CPU.Build.0 = Release|Any CPU
	EndGlobalSection
	GlobalSection(SolutionProperties) = preSolution
		HideSolutionNode = FALSE
	EndGlobalSection
	GlobalSection(ExtensibilityGlobals) = postSolution
		SolutionGuid = {2570B3AC-B6EA-4D1C-9590-A2F6BAC1DA90}
	EndGlobalSection
EndGlobal
