
Microsoft Visual Studio Solution File, Format Version 12.00
# Visual Studio Version 16
VisualStudioVersion = 16.0.31829.152
MinimumVisualStudioVersion = 10.0.40219.1
Project("{FAE04EC0-301F-11D3-BF4B-00C04F79EFBC}") = "Exercice608", "Exercice608.csproj", "{F1F29E97-4D79-4C42-8FDD-E79A3C597DC0}"
EndProject
Global
	GlobalSection(SolutionConfigurationPlatforms) = preSolution
		Debug|Any CPU = Debug|Any CPU
		Release|Any CPU = Release|Any CPU
	EndGlobalSection
	GlobalSection(ProjectConfigurationPlatforms) = postSolution
		{F1F29E97-4D79-4C42-8FDD-E79A3C597DC0}.Debug|Any CPU.ActiveCfg = Debug|Any CPU
		{F1F29E97-4D79-4C42-8FDD-E79A3C597DC0}.Debug|Any CPU.Build.0 = Debug|Any CPU
		{F1F29E97-4D79-4C42-8FDD-E79A3C597DC0}.Release|Any CPU.ActiveCfg = Release|Any CPU
		{F1F29E97-4D79-4C42-8FDD-E79A3C597DC0}.Release|Any CPU.Build.0 = Release|Any CPU
	EndGlobalSection
	GlobalSection(SolutionProperties) = preSolution
		HideSolutionNode = FALSE
	EndGlobalSection
	GlobalSection(ExtensibilityGlobals) = postSolution
		SolutionGuid = {186D0DCB-6BDC-413A-AB79-049B978921AB}
	EndGlobalSection
EndGlobal
