
Microsoft Visual Studio Solution File, Format Version 12.00
# Visual Studio Version 16
VisualStudioVersion = 16.0.30503.244
MinimumVisualStudioVersion = 10.0.40219.1
Project("{FAE04EC0-301F-11D3-BF4B-00C04F79EFBC}") = "Ejercicio316", "Ejercicio316.csproj", "{FD7F4F6B-CC94-4C89-AC9B-0E4D317F124B}"
EndProject
Global
	GlobalSection(SolutionConfigurationPlatforms) = preSolution
		Debug|Any CPU = Debug|Any CPU
		Release|Any CPU = Release|Any CPU
	EndGlobalSection
	GlobalSection(ProjectConfigurationPlatforms) = postSolution
		{FD7F4F6B-CC94-4C89-AC9B-0E4D317F124B}.Debug|Any CPU.ActiveCfg = Debug|Any CPU
		{FD7F4F6B-CC94-4C89-AC9B-0E4D317F124B}.Debug|Any CPU.Build.0 = Debug|Any CPU
		{FD7F4F6B-CC94-4C89-AC9B-0E4D317F124B}.Release|Any CPU.ActiveCfg = Release|Any CPU
		{FD7F4F6B-CC94-4C89-AC9B-0E4D317F124B}.Release|Any CPU.Build.0 = Release|Any CPU
	EndGlobalSection
	GlobalSection(SolutionProperties) = preSolution
		HideSolutionNode = FALSE
	EndGlobalSection
	GlobalSection(ExtensibilityGlobals) = postSolution
		SolutionGuid = {2C472FAB-05AE-412C-AE3B-36DD27F37928}
	EndGlobalSection
EndGlobal
