
Microsoft Visual Studio Solution File, Format Version 12.00
# Visual Studio Version 16
VisualStudioVersion = 16.0.31829.152
MinimumVisualStudioVersion = 10.0.40219.1
Project("{FAE04EC0-301F-11D3-BF4B-00C04F79EFBC}") = "Ejercicio508", "Ejercicio508\Ejercicio508.csproj", "{A3DE93D5-BEBF-40E1-95C8-7B57D9367A04}"
EndProject
Global
	GlobalSection(SolutionConfigurationPlatforms) = preSolution
		Debug|Any CPU = Debug|Any CPU
		Release|Any CPU = Release|Any CPU
	EndGlobalSection
	GlobalSection(ProjectConfigurationPlatforms) = postSolution
		{A3DE93D5-BEBF-40E1-95C8-7B57D9367A04}.Debug|Any CPU.ActiveCfg = Debug|Any CPU
		{A3DE93D5-BEBF-40E1-95C8-7B57D9367A04}.Debug|Any CPU.Build.0 = Debug|Any CPU
		{A3DE93D5-BEBF-40E1-95C8-7B57D9367A04}.Release|Any CPU.ActiveCfg = Release|Any CPU
		{A3DE93D5-BEBF-40E1-95C8-7B57D9367A04}.Release|Any CPU.Build.0 = Release|Any CPU
	EndGlobalSection
	GlobalSection(SolutionProperties) = preSolution
		HideSolutionNode = FALSE
	EndGlobalSection
	GlobalSection(ExtensibilityGlobals) = postSolution
		SolutionGuid = {ABF0A916-BDF4-4976-8896-362D5F47B808}
	EndGlobalSection
EndGlobal
