
Microsoft Visual Studio Solution File, Format Version 12.00
# Visual Studio Version 16
VisualStudioVersion = 16.0.30413.136
MinimumVisualStudioVersion = 10.0.40219.1
Project("{FAE04EC0-301F-11D3-BF4B-00C04F79EFBC}") = "Ejericio207", "Ejericio207\Ejericio207.csproj", "{21DD664D-B4B0-418C-AD9C-7931F8FBA415}"
EndProject
Global
	GlobalSection(SolutionConfigurationPlatforms) = preSolution
		Debug|Any CPU = Debug|Any CPU
		Release|Any CPU = Release|Any CPU
	EndGlobalSection
	GlobalSection(ProjectConfigurationPlatforms) = postSolution
		{21DD664D-B4B0-418C-AD9C-7931F8FBA415}.Debug|Any CPU.ActiveCfg = Debug|Any CPU
		{21DD664D-B4B0-418C-AD9C-7931F8FBA415}.Debug|Any CPU.Build.0 = Debug|Any CPU
		{21DD664D-B4B0-418C-AD9C-7931F8FBA415}.Release|Any CPU.ActiveCfg = Release|Any CPU
		{21DD664D-B4B0-418C-AD9C-7931F8FBA415}.Release|Any CPU.Build.0 = Release|Any CPU
	EndGlobalSection
	GlobalSection(SolutionProperties) = preSolution
		HideSolutionNode = FALSE
	EndGlobalSection
	GlobalSection(ExtensibilityGlobals) = postSolution
		SolutionGuid = {F3FC6522-C268-4711-90CE-9D66A79FA628}
	EndGlobalSection
EndGlobal
