
Microsoft Visual Studio Solution File, Format Version 12.00
# Visual Studio Version 16
VisualStudioVersion = 16.0.31829.152
MinimumVisualStudioVersion = 10.0.40219.1
Project("{FAE04EC0-301F-11D3-BF4B-00C04F79EFBC}") = "Ejercicio706", "Ejercicio706\Ejercicio706.csproj", "{6473BAAD-DF42-48EE-8E57-C98DC08CF6B2}"
EndProject
Global
	GlobalSection(SolutionConfigurationPlatforms) = preSolution
		Debug|Any CPU = Debug|Any CPU
		Release|Any CPU = Release|Any CPU
	EndGlobalSection
	GlobalSection(ProjectConfigurationPlatforms) = postSolution
		{6473BAAD-DF42-48EE-8E57-C98DC08CF6B2}.Debug|Any CPU.ActiveCfg = Debug|Any CPU
		{6473BAAD-DF42-48EE-8E57-C98DC08CF6B2}.Debug|Any CPU.Build.0 = Debug|Any CPU
		{6473BAAD-DF42-48EE-8E57-C98DC08CF6B2}.Release|Any CPU.ActiveCfg = Release|Any CPU
		{6473BAAD-DF42-48EE-8E57-C98DC08CF6B2}.Release|Any CPU.Build.0 = Release|Any CPU
	EndGlobalSection
	GlobalSection(SolutionProperties) = preSolution
		HideSolutionNode = FALSE
	EndGlobalSection
	GlobalSection(ExtensibilityGlobals) = postSolution
		SolutionGuid = {D185F190-6ED2-4E41-9E86-7D2AA866253C}
	EndGlobalSection
EndGlobal
